
Microsoft Visual Studio Solution File, Format Version 12.00
# Visual Studio 15
VisualStudioVersion = 15.0.27428.2002
MinimumVisualStudioVersion = 10.0.40219.1
Project("{FAE04EC0-301F-11D3-BF4B-00C04F79EFBC}") = "Celloc.DataTable", "Celloc.DataTable\Celloc.DataTable.csproj", "{16131124-DDD3-4132-BFD5-8DC918514CF8}"
EndProject
Project("{FAE04EC0-301F-11D3-BF4B-00C04F79EFBC}") = "Celloc.DataTable.Tests", "Celloc.DataTable.Tests\Celloc.DataTable.Tests.csproj", "{3E81F313-E69A-46D7-AF14-784B9D88F375}"
EndProject
Project("{2150E333-8FDC-42A3-9474-1A3956D46DE8}") = "Solution Items", "Solution Items", "{926B8203-B349-4578-BB42-4836AD717A61}"
	ProjectSection(SolutionItems) = preProject
		Celloc.DataTable.nuspec = Celloc.DataTable.nuspec
	EndProjectSection
EndProject
Global
	GlobalSection(SolutionConfigurationPlatforms) = preSolution
		Debug|Any CPU = Debug|Any CPU
		Release|Any CPU = Release|Any CPU
	EndGlobalSection
	GlobalSection(ProjectConfigurationPlatforms) = postSolution
		{16131124-DDD3-4132-BFD5-8DC918514CF8}.Debug|Any CPU.ActiveCfg = Debug|Any CPU
		{16131124-DDD3-4132-BFD5-8DC918514CF8}.Debug|Any CPU.Build.0 = Debug|Any CPU
		{16131124-DDD3-4132-BFD5-8DC918514CF8}.Release|Any CPU.ActiveCfg = Release|Any CPU
		{16131124-DDD3-4132-BFD5-8DC918514CF8}.Release|Any CPU.Build.0 = Release|Any CPU
		{3E81F313-E69A-46D7-AF14-784B9D88F375}.Debug|Any CPU.ActiveCfg = Debug|Any CPU
		{3E81F313-E69A-46D7-AF14-784B9D88F375}.Debug|Any CPU.Build.0 = Debug|Any CPU
		{3E81F313-E69A-46D7-AF14-784B9D88F375}.Release|Any CPU.ActiveCfg = Release|Any CPU
		{3E81F313-E69A-46D7-AF14-784B9D88F375}.Release|Any CPU.Build.0 = Release|Any CPU
	EndGlobalSection
	GlobalSection(SolutionProperties) = preSolution
		HideSolutionNode = FALSE
	EndGlobalSection
	GlobalSection(ExtensibilityGlobals) = postSolution
		SolutionGuid = {6279D2DC-0265-4B8C-A888-875ABD0EFE9E}
	EndGlobalSection
EndGlobal
